// !$*UTF8*$!
{
	archiveVersion = 1;
	classes = {
	};
	objectVersion = 52;
	objects = {

/* Begin PBXBuildFile section */
		146335B5241110C9006E6B7F /* AppDelegate.swift in Sources */ = {isa = PBXBuildFile; fileRef = 146335B4241110C9006E6B7F /* AppDelegate.swift */; };
		146335B7241110C9006E6B7F /* ContentView.swift in Sources */ = {isa = PBXBuildFile; fileRef = 146335B6241110C9006E6B7F /* ContentView.swift */; };
		146335B9241110C9006E6B7F /* Assets.xcassets in Resources */ = {isa = PBXBuildFile; fileRef = 146335B8241110C9006E6B7F /* Assets.xcassets */; };
		146335BC241110C9006E6B7F /* Preview Assets.xcassets in Resources */ = {isa = PBXBuildFile; fileRef = 146335BB241110C9006E6B7F /* Preview Assets.xcassets */; };
		146335BF241110C9006E6B7F /* Main.storyboard in Resources */ = {isa = PBXBuildFile; fileRef = 146335BD241110C9006E6B7F /* Main.storyboard */; };
		1487D35C2414CEC50019D49D /* README.md in Resources */ = {isa = PBXBuildFile; fileRef = 1487D35B2414CEC50019D49D /* README.md */; };
		1487D3612414D62E0019D49D /* Acme.ttf in Resources */ = {isa = PBXBuildFile; fileRef = 1487D3602414D62E0019D49D /* Acme.ttf */; };
		1487D3632414D6AA0019D49D /* AboutView.swift in Sources */ = {isa = PBXBuildFile; fileRef = 1487D3622414D6AA0019D49D /* AboutView.swift */; };
		1487D3652414F53C0019D49D /* Components.swift in Sources */ = {isa = PBXBuildFile; fileRef = 1487D3642414F53C0019D49D /* Components.swift */; };
		1487D3672414F5890019D49D /* Backyard.swift in Sources */ = {isa = PBXBuildFile; fileRef = 1487D3662414F5890019D49D /* Backyard.swift */; };
		14896F72241CC6FC001905A3 /* jf-openhuninn.ttf in Resources */ = {isa = PBXBuildFile; fileRef = 14896F71241CC6FC001905A3 /* jf-openhuninn.ttf */; };
		14896F76241CCC5F001905A3 /* KosugiMaru-Regular.ttf in Resources */ = {isa = PBXBuildFile; fileRef = 14896F75241CCC5F001905A3 /* KosugiMaru-Regular.ttf */; };
		148C9D802417EBFC009D3A28 /* CookbookView.swift in Sources */ = {isa = PBXBuildFile; fileRef = 148C9D7F2417EBFC009D3A28 /* CookbookView.swift */; };
		1490654C2419089600D1E461 /* Localizable.strings in Resources */ = {isa = PBXBuildFile; fileRef = 1490654E2419089600D1E461 /* Localizable.strings */; };
		149B73042415339300DDEBD7 /* Cartfile in Resources */ = {isa = PBXBuildFile; fileRef = 149B73032415339300DDEBD7 /* Cartfile */; };
		149B732F2415473400DDEBD7 /* LaunchAtLogin.framework in Frameworks */ = {isa = PBXBuildFile; fileRef = 149B732D2415472000DDEBD7 /* LaunchAtLogin.framework */; };
		149B73302415473400DDEBD7 /* LaunchAtLogin.framework in Embed Frameworks */ = {isa = PBXBuildFile; fileRef = 149B732D2415472000DDEBD7 /* LaunchAtLogin.framework */; settings = {ATTRIBUTES = (CodeSignOnCopy, RemoveHeadersOnCopy, ); }; };
		14DC2B3D2415F9F900A367F9 /* ImageBackyard.swift in Sources */ = {isa = PBXBuildFile; fileRef = 14DC2B3C2415F9F800A367F9 /* ImageBackyard.swift */; };
		14E027D924149AC2004CA423 /* PrefsView.swift in Sources */ = {isa = PBXBuildFile; fileRef = 14E027D824149AC2004CA423 /* PrefsView.swift */; };
		14E027DB2414B92F004CA423 /* AppItemData.json in Resources */ = {isa = PBXBuildFile; fileRef = 14E027DA2414B92F004CA423 /* AppItemData.json */; };
		14FCA58224114CFB00860F8D /* ItemSource.swift in Sources */ = {isa = PBXBuildFile; fileRef = 14FCA58124114CFB00860F8D /* ItemSource.swift */; };
		14FCA5862411DB9800860F8D /* EditView.swift in Sources */ = {isa = PBXBuildFile; fileRef = 14FCA5852411DB9800860F8D /* EditView.swift */; };
/* End PBXBuildFile section */

/* Begin PBXCopyFilesBuildPhase section */
		149B73312415473400DDEBD7 /* Embed Frameworks */ = {
			isa = PBXCopyFilesBuildPhase;
			buildActionMask = 2147483647;
			dstPath = "";
			dstSubfolderSpec = 10;
			files = (
				149B73302415473400DDEBD7 /* LaunchAtLogin.framework in Embed Frameworks */,
			);
			name = "Embed Frameworks";
			runOnlyForDeploymentPostprocessing = 0;
		};
/* End PBXCopyFilesBuildPhase section */

/* Begin PBXFileReference section */
		146335B1241110C9006E6B7F /* Saruku.app */ = {isa = PBXFileReference; explicitFileType = wrapper.application; includeInIndex = 0; path = Saruku.app; sourceTree = BUILT_PRODUCTS_DIR; };
		146335B4241110C9006E6B7F /* AppDelegate.swift */ = {isa = PBXFileReference; lastKnownFileType = sourcecode.swift; path = AppDelegate.swift; sourceTree = "<group>"; };
		146335B6241110C9006E6B7F /* ContentView.swift */ = {isa = PBXFileReference; lastKnownFileType = sourcecode.swift; path = ContentView.swift; sourceTree = "<group>"; };
		146335B8241110C9006E6B7F /* Assets.xcassets */ = {isa = PBXFileReference; lastKnownFileType = folder.assetcatalog; path = Assets.xcassets; sourceTree = "<group>"; };
		146335BB241110C9006E6B7F /* Preview Assets.xcassets */ = {isa = PBXFileReference; lastKnownFileType = folder.assetcatalog; path = "Preview Assets.xcassets"; sourceTree = "<group>"; };
		146335BE241110C9006E6B7F /* Base */ = {isa = PBXFileReference; lastKnownFileType = file.storyboard; name = Base; path = Base.lproj/Main.storyboard; sourceTree = "<group>"; };
		146335C0241110C9006E6B7F /* Info.plist */ = {isa = PBXFileReference; lastKnownFileType = text.plist.xml; path = Info.plist; sourceTree = "<group>"; };
		146335C1241110C9006E6B7F /* Saruku.entitlements */ = {isa = PBXFileReference; lastKnownFileType = text.plist.entitlements; path = Saruku.entitlements; sourceTree = "<group>"; };
		1487D35B2414CEC50019D49D /* README.md */ = {isa = PBXFileReference; fileEncoding = 4; lastKnownFileType = net.daringfireball.markdown; path = README.md; sourceTree = "<group>"; };
		1487D3602414D62E0019D49D /* Acme.ttf */ = {isa = PBXFileReference; lastKnownFileType = file; path = Acme.ttf; sourceTree = "<group>"; };
		1487D3622414D6AA0019D49D /* AboutView.swift */ = {isa = PBXFileReference; lastKnownFileType = sourcecode.swift; path = AboutView.swift; sourceTree = "<group>"; };
		1487D3642414F53C0019D49D /* Components.swift */ = {isa = PBXFileReference; lastKnownFileType = sourcecode.swift; path = Components.swift; sourceTree = "<group>"; };
		1487D3662414F5890019D49D /* Backyard.swift */ = {isa = PBXFileReference; lastKnownFileType = sourcecode.swift; path = Backyard.swift; sourceTree = "<group>"; };
		14896F71241CC6FC001905A3 /* jf-openhuninn.ttf */ = {isa = PBXFileReference; lastKnownFileType = file; path = "jf-openhuninn.ttf"; sourceTree = "<group>"; };
		14896F75241CCC5F001905A3 /* KosugiMaru-Regular.ttf */ = {isa = PBXFileReference; lastKnownFileType = file; path = "KosugiMaru-Regular.ttf"; sourceTree = "<group>"; };
		148C9D7F2417EBFC009D3A28 /* CookbookView.swift */ = {isa = PBXFileReference; lastKnownFileType = sourcecode.swift; path = CookbookView.swift; sourceTree = "<group>"; };
		1490654F241908D700D1E461 /* en */ = {isa = PBXFileReference; lastKnownFileType = text.plist.strings; name = en; path = en.lproj/Localizable.strings; sourceTree = "<group>"; };
		1490655024190AD500D1E461 /* zh-Hant */ = {isa = PBXFileReference; lastKnownFileType = text.plist.strings; name = "zh-Hant"; path = "zh-Hant.lproj/Localizable.strings"; sourceTree = "<group>"; };
		14906551241917C400D1E461 /* ja */ = {isa = PBXFileReference; lastKnownFileType = text.plist.strings; name = ja; path = ja.lproj/Localizable.strings; sourceTree = "<group>"; };
		149B73032415339300DDEBD7 /* Cartfile */ = {isa = PBXFileReference; lastKnownFileType = text; path = Cartfile; sourceTree = "<group>"; };
		149B732D2415472000DDEBD7 /* LaunchAtLogin.framework */ = {isa = PBXFileReference; lastKnownFileType = wrapper.framework; name = LaunchAtLogin.framework; path = Carthage/Build/Mac/LaunchAtLogin.framework; sourceTree = "<group>"; };
		14DC2B3C2415F9F800A367F9 /* ImageBackyard.swift */ = {isa = PBXFileReference; lastKnownFileType = sourcecode.swift; path = ImageBackyard.swift; sourceTree = "<group>"; };
		14E027D824149AC2004CA423 /* PrefsView.swift */ = {isa = PBXFileReference; lastKnownFileType = sourcecode.swift; path = PrefsView.swift; sourceTree = "<group>"; };
		14E027DA2414B92F004CA423 /* AppItemData.json */ = {isa = PBXFileReference; fileEncoding = 4; lastKnownFileType = text.json; name = AppItemData.json; path = Saruku/Data/AppItemData.json; sourceTree = SOURCE_ROOT; };
		14FCA58124114CFB00860F8D /* ItemSource.swift */ = {isa = PBXFileReference; lastKnownFileType = sourcecode.swift; path = ItemSource.swift; sourceTree = "<group>"; };
		14FCA5852411DB9800860F8D /* EditView.swift */ = {isa = PBXFileReference; lastKnownFileType = sourcecode.swift; path = EditView.swift; sourceTree = "<group>"; };
/* End PBXFileReference section */

/* Begin PBXFrameworksBuildPhase section */
		146335AE241110C9006E6B7F /* Frameworks */ = {
			isa = PBXFrameworksBuildPhase;
			buildActionMask = 2147483647;
			files = (
				149B732F2415473400DDEBD7 /* LaunchAtLogin.framework in Frameworks */,
			);
			runOnlyForDeploymentPostprocessing = 0;
		};
/* End PBXFrameworksBuildPhase section */

/* Begin PBXGroup section */
		146335A8241110C9006E6B7F = {
			isa = PBXGroup;
			children = (
				149B73032415339300DDEBD7 /* Cartfile */,
				1487D35B2414CEC50019D49D /* README.md */,
				146335B3241110C9006E6B7F /* Saruku */,
				149B732D2415472000DDEBD7 /* LaunchAtLogin.framework */,
				146335B2241110C9006E6B7F /* Products */,
			);
			sourceTree = "<group>";
		};
		146335B2241110C9006E6B7F /* Products */ = {
			isa = PBXGroup;
			children = (
				146335B1241110C9006E6B7F /* Saruku.app */,
			);
			name = Products;
			sourceTree = "<group>";
		};
		146335B3241110C9006E6B7F /* Saruku */ = {
			isa = PBXGroup;
			children = (
				1487D35F2414D62E0019D49D /* Fonts */,
				146335B4241110C9006E6B7F /* AppDelegate.swift */,
				1490654E2419089600D1E461 /* Localizable.strings */,
				1487D3662414F5890019D49D /* Backyard.swift */,
				14DC2B3C2415F9F800A367F9 /* ImageBackyard.swift */,
				1487D35A2414CD640019D49D /* Data */,
				14E027E02414CCF8004CA423 /* Views */,
				146335B8241110C9006E6B7F /* Assets.xcassets */,
				146335BD241110C9006E6B7F /* Main.storyboard */,
				146335C0241110C9006E6B7F /* Info.plist */,
				146335C1241110C9006E6B7F /* Saruku.entitlements */,
				146335BA241110C9006E6B7F /* Preview Content */,
			);
			path = Saruku;
			sourceTree = "<group>";
		};
		146335BA241110C9006E6B7F /* Preview Content */ = {
			isa = PBXGroup;
			children = (
				146335BB241110C9006E6B7F /* Preview Assets.xcassets */,
			);
			path = "Preview Content";
			sourceTree = "<group>";
		};
		1487D35A2414CD640019D49D /* Data */ = {
			isa = PBXGroup;
			children = (
				14E027DA2414B92F004CA423 /* AppItemData.json */,
				14FCA58124114CFB00860F8D /* ItemSource.swift */,
			);
			path = Data;
			sourceTree = "<group>";
		};
		1487D35F2414D62E0019D49D /* Fonts */ = {
			isa = PBXGroup;
			children = (
				14896F75241CCC5F001905A3 /* KosugiMaru-Regular.ttf */,
				14896F71241CC6FC001905A3 /* jf-openhuninn.ttf */,
				1487D3602414D62E0019D49D /* Acme.ttf */,
			);
			path = Fonts;
			sourceTree = SOURCE_ROOT;
		};
		14E027E02414CCF8004CA423 /* Views */ = {
			isa = PBXGroup;
			children = (
				146335B6241110C9006E6B7F /* ContentView.swift */,
				14FCA5852411DB9800860F8D /* EditView.swift */,
				1487D3642414F53C0019D49D /* Components.swift */,
				14E027D824149AC2004CA423 /* PrefsView.swift */,
				1487D3622414D6AA0019D49D /* AboutView.swift */,
				148C9D7F2417EBFC009D3A28 /* CookbookView.swift */,
			);
			path = Views;
			sourceTree = "<group>";
		};
/* End PBXGroup section */

/* Begin PBXNativeTarget section */
		146335B0241110C9006E6B7F /* Saruku */ = {
			isa = PBXNativeTarget;
			buildConfigurationList = 146335C4241110C9006E6B7F /* Build configuration list for PBXNativeTarget "Saruku" */;
			buildPhases = (
				146335AD241110C9006E6B7F /* Sources */,
				146335AE241110C9006E6B7F /* Frameworks */,
				146335AF241110C9006E6B7F /* Resources */,
				149B73312415473400DDEBD7 /* Embed Frameworks */,
				149B73322415475500DDEBD7 /* Run Script */,
			);
			buildRules = (
			);
			dependencies = (
			);
			name = Saruku;
			packageProductDependencies = (
			);
			productName = Saruku;
			productReference = 146335B1241110C9006E6B7F /* Saruku.app */;
			productType = "com.apple.product-type.application";
		};
/* End PBXNativeTarget section */

/* Begin PBXProject section */
		146335A9241110C9006E6B7F /* Project object */ = {
			isa = PBXProject;
			attributes = {
				LastSwiftUpdateCheck = 1130;
				LastUpgradeCheck = 1130;
				ORGANIZATIONNAME = "Minai Toto";
				TargetAttributes = {
					146335B0241110C9006E6B7F = {
						CreatedOnToolsVersion = 11.3;
					};
				};
			};
			buildConfigurationList = 146335AC241110C9006E6B7F /* Build configuration list for PBXProject "Saruku" */;
			compatibilityVersion = "Xcode 9.3";
			developmentRegion = en;
			hasScannedForEncodings = 0;
			knownRegions = (
				en,
				Base,
				"zh-Hant",
				ja,
			);
			mainGroup = 146335A8241110C9006E6B7F;
			packageReferences = (
				149B73052415347200DDEBD7 /* XCRemoteSwiftPackageReference "HotKey" */,
			);
			productRefGroup = 146335B2241110C9006E6B7F /* Products */;
			projectDirPath = "";
			projectRoot = "";
			targets = (
				146335B0241110C9006E6B7F /* Saruku */,
			);
		};
/* End PBXProject section */

/* Begin PBXResourcesBuildPhase section */
		146335AF241110C9006E6B7F /* Resources */ = {
			isa = PBXResourcesBuildPhase;
			buildActionMask = 2147483647;
			files = (
				14896F72241CC6FC001905A3 /* jf-openhuninn.ttf in Resources */,
				149B73042415339300DDEBD7 /* Cartfile in Resources */,
				1487D3612414D62E0019D49D /* Acme.ttf in Resources */,
				146335BF241110C9006E6B7F /* Main.storyboard in Resources */,
				146335BC241110C9006E6B7F /* Preview Assets.xcassets in Resources */,
				1487D35C2414CEC50019D49D /* README.md in Resources */,
				14896F76241CCC5F001905A3 /* KosugiMaru-Regular.ttf in Resources */,
				1490654C2419089600D1E461 /* Localizable.strings in Resources */,
				14E027DB2414B92F004CA423 /* AppItemData.json in Resources */,
				146335B9241110C9006E6B7F /* Assets.xcassets in Resources */,
			);
			runOnlyForDeploymentPostprocessing = 0;
		};
/* End PBXResourcesBuildPhase section */

/* Begin PBXShellScriptBuildPhase section */
		149B73322415475500DDEBD7 /* Run Script */ = {
			isa = PBXShellScriptBuildPhase;
			buildActionMask = 2147483647;
			files = (
			);
			inputFileListPaths = (
			);
			inputPaths = (
			);
			name = "Run Script";
			outputFileListPaths = (
			);
			outputPaths = (
			);
			runOnlyForDeploymentPostprocessing = 0;
			shellPath = /bin/sh;
			shellScript = "\"${PROJECT_DIR}/Carthage/Build/Mac/LaunchAtLogin.framework/Resources/copy-helper.sh\"\n";
			showEnvVarsInLog = 0;
		};
/* End PBXShellScriptBuildPhase section */

/* Begin PBXSourcesBuildPhase section */
		146335AD241110C9006E6B7F /* Sources */ = {
			isa = PBXSourcesBuildPhase;
			buildActionMask = 2147483647;
			files = (
				14E027D924149AC2004CA423 /* PrefsView.swift in Sources */,
				146335B7241110C9006E6B7F /* ContentView.swift in Sources */,
				1487D3672414F5890019D49D /* Backyard.swift in Sources */,
				148C9D802417EBFC009D3A28 /* CookbookView.swift in Sources */,
				14FCA58224114CFB00860F8D /* ItemSource.swift in Sources */,
				14DC2B3D2415F9F900A367F9 /* ImageBackyard.swift in Sources */,
				1487D3652414F53C0019D49D /* Components.swift in Sources */,
				14FCA5862411DB9800860F8D /* EditView.swift in Sources */,
				1487D3632414D6AA0019D49D /* AboutView.swift in Sources */,
				146335B5241110C9006E6B7F /* AppDelegate.swift in Sources */,
			);
			runOnlyForDeploymentPostprocessing = 0;
		};
/* End PBXSourcesBuildPhase section */

/* Begin PBXVariantGroup section */
		146335BD241110C9006E6B7F /* Main.storyboard */ = {
			isa = PBXVariantGroup;
			children = (
				146335BE241110C9006E6B7F /* Base */,
			);
			name = Main.storyboard;
			sourceTree = "<group>";
		};
		1490654E2419089600D1E461 /* Localizable.strings */ = {
			isa = PBXVariantGroup;
			children = (
				1490654F241908D700D1E461 /* en */,
				1490655024190AD500D1E461 /* zh-Hant */,
				14906551241917C400D1E461 /* ja */,
			);
			name = Localizable.strings;
			sourceTree = "<group>";
		};
/* End PBXVariantGroup section */

/* Begin XCBuildConfiguration section */
		146335C2241110C9006E6B7F /* Debug */ = {
			isa = XCBuildConfiguration;
			buildSettings = {
				ALWAYS_SEARCH_USER_PATHS = NO;
				CLANG_ANALYZER_LOCALIZABILITY_NONLOCALIZED = YES;
				CLANG_ANALYZER_NONNULL = YES;
				CLANG_ANALYZER_NUMBER_OBJECT_CONVERSION = YES_AGGRESSIVE;
				CLANG_CXX_LANGUAGE_STANDARD = "gnu++14";
				CLANG_CXX_LIBRARY = "libc++";
				CLANG_ENABLE_MODULES = YES;
				CLANG_ENABLE_OBJC_ARC = YES;
				CLANG_ENABLE_OBJC_WEAK = YES;
				CLANG_WARN_BLOCK_CAPTURE_AUTORELEASING = YES;
				CLANG_WARN_BOOL_CONVERSION = YES;
				CLANG_WARN_COMMA = YES;
				CLANG_WARN_CONSTANT_CONVERSION = YES;
				CLANG_WARN_DEPRECATED_OBJC_IMPLEMENTATIONS = YES;
				CLANG_WARN_DIRECT_OBJC_ISA_USAGE = YES_ERROR;
				CLANG_WARN_DOCUMENTATION_COMMENTS = YES;
				CLANG_WARN_EMPTY_BODY = YES;
				CLANG_WARN_ENUM_CONVERSION = YES;
				CLANG_WARN_INFINITE_RECURSION = YES;
				CLANG_WARN_INT_CONVERSION = YES;
				CLANG_WARN_NON_LITERAL_NULL_CONVERSION = YES;
				CLANG_WARN_OBJC_IMPLICIT_RETAIN_SELF = YES;
				CLANG_WARN_OBJC_LITERAL_CONVERSION = YES;
				CLANG_WARN_OBJC_ROOT_CLASS = YES_ERROR;
				CLANG_WARN_RANGE_LOOP_ANALYSIS = YES;
				CLANG_WARN_STRICT_PROTOTYPES = YES;
				CLANG_WARN_SUSPICIOUS_MOVE = YES;
				CLANG_WARN_UNGUARDED_AVAILABILITY = YES_AGGRESSIVE;
				CLANG_WARN_UNREACHABLE_CODE = YES;
				CLANG_WARN__DUPLICATE_METHOD_MATCH = YES;
				COPY_PHASE_STRIP = NO;
				DEBUG_INFORMATION_FORMAT = dwarf;
				ENABLE_STRICT_OBJC_MSGSEND = YES;
				ENABLE_TESTABILITY = YES;
				GCC_C_LANGUAGE_STANDARD = gnu11;
				GCC_DYNAMIC_NO_PIC = NO;
				GCC_NO_COMMON_BLOCKS = YES;
				GCC_OPTIMIZATION_LEVEL = 0;
				GCC_PREPROCESSOR_DEFINITIONS = (
					"DEBUG=1",
					"$(inherited)",
				);
				GCC_WARN_64_TO_32_BIT_CONVERSION = YES;
				GCC_WARN_ABOUT_RETURN_TYPE = YES_ERROR;
				GCC_WARN_UNDECLARED_SELECTOR = YES;
				GCC_WARN_UNINITIALIZED_AUTOS = YES_AGGRESSIVE;
				GCC_WARN_UNUSED_FUNCTION = YES;
				GCC_WARN_UNUSED_VARIABLE = YES;
				MACOSX_DEPLOYMENT_TARGET = 10.15;
				MTL_ENABLE_DEBUG_INFO = INCLUDE_SOURCE;
				MTL_FAST_MATH = YES;
				ONLY_ACTIVE_ARCH = YES;
				SDKROOT = macosx;
				SWIFT_ACTIVE_COMPILATION_CONDITIONS = DEBUG;
				SWIFT_OPTIMIZATION_LEVEL = "-Onone";
			};
			name = Debug;
		};
		146335C3241110C9006E6B7F /* Release */ = {
			isa = XCBuildConfiguration;
			buildSettings = {
				ALWAYS_SEARCH_USER_PATHS = NO;
				CLANG_ANALYZER_LOCALIZABILITY_NONLOCALIZED = YES;
				CLANG_ANALYZER_NONNULL = YES;
				CLANG_ANALYZER_NUMBER_OBJECT_CONVERSION = YES_AGGRESSIVE;
				CLANG_CXX_LANGUAGE_STANDARD = "gnu++14";
				CLANG_CXX_LIBRARY = "libc++";
				CLANG_ENABLE_MODULES = YES;
				CLANG_ENABLE_OBJC_ARC = YES;
				CLANG_ENABLE_OBJC_WEAK = YES;
				CLANG_WARN_BLOCK_CAPTURE_AUTORELEASING = YES;
				CLANG_WARN_BOOL_CONVERSION = YES;
				CLANG_WARN_COMMA = YES;
				CLANG_WARN_CONSTANT_CONVERSION = YES;
				CLANG_WARN_DEPRECATED_OBJC_IMPLEMENTATIONS = YES;
				CLANG_WARN_DIRECT_OBJC_ISA_USAGE = YES_ERROR;
				CLANG_WARN_DOCUMENTATION_COMMENTS = YES;
				CLANG_WARN_EMPTY_BODY = YES;
				CLANG_WARN_ENUM_CONVERSION = YES;
				CLANG_WARN_INFINITE_RECURSION = YES;
				CLANG_WARN_INT_CONVERSION = YES;
				CLANG_WARN_NON_LITERAL_NULL_CONVERSION = YES;
				CLANG_WARN_OBJC_IMPLICIT_RETAIN_SELF = YES;
				CLANG_WARN_OBJC_LITERAL_CONVERSION = YES;
				CLANG_WARN_OBJC_ROOT_CLASS = YES_ERROR;
				CLANG_WARN_RANGE_LOOP_ANALYSIS = YES;
				CLANG_WARN_STRICT_PROTOTYPES = YES;
				CLANG_WARN_SUSPICIOUS_MOVE = YES;
				CLANG_WARN_UNGUARDED_AVAILABILITY = YES_AGGRESSIVE;
				CLANG_WARN_UNREACHABLE_CODE = YES;
				CLANG_WARN__DUPLICATE_METHOD_MATCH = YES;
				COPY_PHASE_STRIP = NO;
				DEBUG_INFORMATION_FORMAT = "dwarf-with-dsym";
				ENABLE_NS_ASSERTIONS = NO;
				ENABLE_STRICT_OBJC_MSGSEND = YES;
				GCC_C_LANGUAGE_STANDARD = gnu11;
				GCC_NO_COMMON_BLOCKS = YES;
				GCC_WARN_64_TO_32_BIT_CONVERSION = YES;
				GCC_WARN_ABOUT_RETURN_TYPE = YES_ERROR;
				GCC_WARN_UNDECLARED_SELECTOR = YES;
				GCC_WARN_UNINITIALIZED_AUTOS = YES_AGGRESSIVE;
				GCC_WARN_UNUSED_FUNCTION = YES;
				GCC_WARN_UNUSED_VARIABLE = YES;
				MACOSX_DEPLOYMENT_TARGET = 10.15;
				MTL_ENABLE_DEBUG_INFO = NO;
				MTL_FAST_MATH = YES;
				SDKROOT = macosx;
				SWIFT_COMPILATION_MODE = wholemodule;
				SWIFT_OPTIMIZATION_LEVEL = "-O";
			};
			name = Release;
		};
		146335C5241110C9006E6B7F /* Debug */ = {
			isa = XCBuildConfiguration;
			buildSettings = {
				ASSETCATALOG_COMPILER_APPICON_NAME = AppIcon;
				CODE_SIGN_ENTITLEMENTS = Saruku/Saruku.entitlements;
				CODE_SIGN_STYLE = Automatic;
				COMBINE_HIDPI_IMAGES = YES;
				CURRENT_PROJECT_VERSION = 17;
				DEVELOPMENT_ASSET_PATHS = "\"Saruku/Preview Content\"";
				DEVELOPMENT_TEAM = WP2TDFSJS9;
				ENABLE_HARDENED_RUNTIME = YES;
				ENABLE_PREVIEWS = YES;
				FRAMEWORK_SEARCH_PATHS = (
					"$(inherited)",
					"$(PROJECT_DIR)/Saruku.xcodeproj/Carthage/Build/Mac",
					"$(PROJECT_DIR)/Carthage/Build/Mac",
				);
				INFOPLIST_FILE = Saruku/Info.plist;
				LD_RUNPATH_SEARCH_PATHS = (
					"$(inherited)",
					"@executable_path/../Frameworks",
				);
				MACOSX_DEPLOYMENT_TARGET = 10.15;
				MARKETING_VERSION = 0.2;
				PRODUCT_BUNDLE_IDENTIFIER = "org.cut-and-go.Saruku";
				PRODUCT_NAME = "$(TARGET_NAME)";
				SWIFT_VERSION = 5.0;
			};
			name = Debug;
		};
		146335C6241110C9006E6B7F /* Release */ = {
			isa = XCBuildConfiguration;
			buildSettings = {
				ASSETCATALOG_COMPILER_APPICON_NAME = AppIcon;
				CODE_SIGN_ENTITLEMENTS = Saruku/Saruku.entitlements;
				CODE_SIGN_STYLE = Automatic;
				COMBINE_HIDPI_IMAGES = YES;
				CURRENT_PROJECT_VERSION = 17;
				DEVELOPMENT_ASSET_PATHS = "\"Saruku/Preview Content\"";
				DEVELOPMENT_TEAM = WP2TDFSJS9;
				ENABLE_HARDENED_RUNTIME = YES;
				ENABLE_PREVIEWS = YES;
				FRAMEWORK_SEARCH_PATHS = (
					"$(inherited)",
					"$(PROJECT_DIR)/Saruku.xcodeproj/Carthage/Build/Mac",
					"$(PROJECT_DIR)/Carthage/Build/Mac",
				);
				INFOPLIST_FILE = Saruku/Info.plist;
				LD_RUNPATH_SEARCH_PATHS = (
					"$(inherited)",
					"@executable_path/../Frameworks",
				);
				MACOSX_DEPLOYMENT_TARGET = 10.15;
				MARKETING_VERSION = 0.2;
				PRODUCT_BUNDLE_IDENTIFIER = "org.cut-and-go.Saruku";
				PRODUCT_NAME = "$(TARGET_NAME)";
				SWIFT_VERSION = 5.0;
			};
			name = Release;
		};
/* End XCBuildConfiguration section */

/* Begin XCConfigurationList section */
		146335AC241110C9006E6B7F /* Build configuration list for PBXProject "Saruku" */ = {
			isa = XCConfigurationList;
			buildConfigurations = (
				146335C2241110C9006E6B7F /* Debug */,
				146335C3241110C9006E6B7F /* Release */,
			);
			defaultConfigurationIsVisible = 0;
			defaultConfigurationName = Release;
		};
		146335C4241110C9006E6B7F /* Build configuration list for PBXNativeTarget "Saruku" */ = {
			isa = XCConfigurationList;
			buildConfigurations = (
				146335C5241110C9006E6B7F /* Debug */,
				146335C6241110C9006E6B7F /* Release */,
			);
			defaultConfigurationIsVisible = 0;
			defaultConfigurationName = Release;
		};
/* End XCConfigurationList section */

/* Begin XCRemoteSwiftPackageReference section */
		149B73052415347200DDEBD7 /* XCRemoteSwiftPackageReference "HotKey" */ = {
			isa = XCRemoteSwiftPackageReference;
			repositoryURL = "https://github.com/soffes/HotKey.git";
			requirement = {
				kind = upToNextMajorVersion;
				minimumVersion = 0.1.3;
			};
		};
/* End XCRemoteSwiftPackageReference section */
	};
	rootObject = 146335A9241110C9006E6B7F /* Project object */;
}
